{
  "requires": true,
  "lockfileVersion": 1,
  "dependencies": {
    "wx-search-have-history": {
      "version": "0.0.2",
      "resolved": "https://registry.npmjs.org/wx-search-have-history/-/wx-search-have-history-0.0.2.tgz",
      "integrity": "sha512-c+7SQNQuPRxs+BCZMGY7xWsAROGdDU50uJ+O2FHuQbjI4TVQLIMG4O0NeEY5olnsgPH5NWCHo+cXyDOdXQYUtQ=="
    }
  }
}
