{
  "name": "teamme",
  "version": "1.0.0",
  "lockfileVersion": 1,
  "requires": true,
  "dependencies": {
    "@vant/weapp": {
      "version": "1.6.8",
      "resolved": "https://registry.npmjs.org/@vant/weapp/-/weapp-1.6.8.tgz",
      "integrity": "sha512-CvRgAZdGUtJKEnd2wmjw3oaRYXBq/YqerFTmf19cTd3G9+vRR67nSXPMUNQEoPPSm7LZo6gF6Xk/5pYx4Q4C0Q=="
    },
    "lottie-miniprogram": {
      "version": "1.0.11",
      "resolved": "https://registry.npmjs.org/lottie-miniprogram/-/lottie-miniprogram-1.0.11.tgz",
      "integrity": "sha512-NFIFKLyI1IPQf0UemzE0c4eGm6mQsqRwtBsFNkUfM/4vi4MipJcemFDz3RpekkDRxm0jTqrMp6fWEeoq3uHl/Q=="
    },
    "miniprogram-api-typings": {
      "version": "3.3.2",
      "resolved": "https://registry.npmjs.org/miniprogram-api-typings/-/miniprogram-api-typings-3.3.2.tgz",
      "integrity": "sha512-i8yxwPOGYZ33J/VoJR/mA0Ps2JKuUE6wsn8pdHqKpUrskZuxNsjVf8Z5TPLBisYis3drLdJQ5Gjon8WIwXswYg==",
      "dev": true
    }
  }
}
